
Microsoft Visual Studio Solution File, Format Version 12.00
# Visual Studio Version 17
VisualStudioVersion = 17.9.34728.123
MinimumVisualStudioVersion = 10.0.40219.1
Project("{FAE04EC0-301F-11D3-BF4B-00C04F79EFBC}") = "ContactMe", "ContactMe\ContactMe.csproj", "{D7127D22-5971-414F-8D02-34D6EF4924A2}"
EndProject
Project("{FAE04EC0-301F-11D3-BF4B-00C04F79EFBC}") = "ContactMe.Client", "ContactMe.Client\ContactMe.Client.csproj", "{9EB725AB-A089-4682-9875-BECF6D5BBB0B}"
EndProject
Global
	GlobalSection(SolutionConfigurationPlatforms) = preSolution
		Debug|Any CPU = Debug|Any CPU
		Release|Any CPU = Release|Any CPU
	EndGlobalSection
	GlobalSection(ProjectConfigurationPlatforms) = postSolution
		{D7127D22-5971-414F-8D02-34D6EF4924A2}.Debug|Any CPU.ActiveCfg = Debug|Any CPU
		{D7127D22-5971-414F-8D02-34D6EF4924A2}.Debug|Any CPU.Build.0 = Debug|Any CPU
		{D7127D22-5971-414F-8D02-34D6EF4924A2}.Release|Any CPU.ActiveCfg = Release|Any CPU
		{D7127D22-5971-414F-8D02-34D6EF4924A2}.Release|Any CPU.Build.0 = Release|Any CPU
		{9EB725AB-A089-4682-9875-BECF6D5BBB0B}.Debug|Any CPU.ActiveCfg = Debug|Any CPU
		{9EB725AB-A089-4682-9875-BECF6D5BBB0B}.Debug|Any CPU.Build.0 = Debug|Any CPU
		{9EB725AB-A089-4682-9875-BECF6D5BBB0B}.Release|Any CPU.ActiveCfg = Release|Any CPU
		{9EB725AB-A089-4682-9875-BECF6D5BBB0B}.Release|Any CPU.Build.0 = Release|Any CPU
	EndGlobalSection
	GlobalSection(SolutionProperties) = preSolution
		HideSolutionNode = FALSE
	EndGlobalSection
	GlobalSection(ExtensibilityGlobals) = postSolution
		SolutionGuid = {B435BCEF-A403-4145-863B-1AF4215E6250}
	EndGlobalSection
EndGlobal
